{
  "name": "rtx-on",
  "version": "1.6.0",
  "lockfileVersion": 2,
  "requires": true,
  "packages": {
    "": {
      "name": "rtx-on",
      "version": "1.6.0",
      "license": "Apache-2.0",
      "dependencies": {
        "webgl-path-tracing": "^1.0.0"
      }
    },
    "node_modules/webgl-path-tracing": {
      "version": "1.0.0",
      "resolved": "https://registry.npmjs.org/webgl-path-tracing/-/webgl-path-tracing-1.0.0.tgz",
      "integrity": "sha512-wM926EQSeBHt9HpWuixFJu9jNv3/VT6pJFb8elJEtguIBh2+fwO1+s69WRP9WO0hqPeidMxj5imcXPh9/zy8eg=="
    }
  },
  "dependencies": {
    "webgl-path-tracing": {
      "version": "1.0.0",
      "resolved": "https://registry.npmjs.org/webgl-path-tracing/-/webgl-path-tracing-1.0.0.tgz",
      "integrity": "sha512-wM926EQSeBHt9HpWuixFJu9jNv3/VT6pJFb8elJEtguIBh2+fwO1+s69WRP9WO0hqPeidMxj5imcXPh9/zy8eg=="
    }
  }
}
