{
  "name": "rtx-on",
  "version": "0.7.0",
  "lockfileVersion": 2,
  "requires": true,
  "packages": {
    "": {
      "name": "rtx-on",
      "version": "0.7.0",
      "license": "Apache-2.0",
      "dependencies": {
        "webgl-path-tracing": "^1.3.0"
      }
    },
    "node_modules/webgl-path-tracing": {
      "version": "1.3.0",
      "resolved": "https://registry.npmjs.org/webgl-path-tracing/-/webgl-path-tracing-1.3.0.tgz",
      "integrity": "sha512-n4Gyvx7VLlTEW8UI35pArltDnhg3Yk71vjRdJdGMYqwiVD3UkyL4ELV/buVIT5t9rMgCXzIt3tkosLgyGGWePQ=="
    }
  },
  "dependencies": {
    "webgl-path-tracing": {
      "version": "1.3.0",
      "resolved": "https://registry.npmjs.org/webgl-path-tracing/-/webgl-path-tracing-1.3.0.tgz",
      "integrity": "sha512-n4Gyvx7VLlTEW8UI35pArltDnhg3Yk71vjRdJdGMYqwiVD3UkyL4ELV/buVIT5t9rMgCXzIt3tkosLgyGGWePQ=="
    }
  }
}
