{
  "name": "rtx-on",
  "version": "0.4.0",
  "lockfileVersion": 2,
  "requires": true,
  "packages": {
    "": {
      "name": "rtx-on",
      "version": "0.4.0",
      "license": "Apache-2.0",
      "dependencies": {
        "webgl-path-tracing": "^1.2.0"
      }
    },
    "node_modules/webgl-path-tracing": {
      "version": "1.2.0",
      "resolved": "https://registry.npmjs.org/webgl-path-tracing/-/webgl-path-tracing-1.2.0.tgz",
      "integrity": "sha512-8oR1ZaZTnvoy5pPlRvslZMRZgvm2XrzunzDOAcBI4DBf1ZhLLVrcv7CKemxn3A4jwgPYWjhZZBO19iiW53MlIA=="
    }
  },
  "dependencies": {
    "webgl-path-tracing": {
      "version": "1.2.0",
      "resolved": "https://registry.npmjs.org/webgl-path-tracing/-/webgl-path-tracing-1.2.0.tgz",
      "integrity": "sha512-8oR1ZaZTnvoy5pPlRvslZMRZgvm2XrzunzDOAcBI4DBf1ZhLLVrcv7CKemxn3A4jwgPYWjhZZBO19iiW53MlIA=="
    }
  }
}
